
Microsoft Visual Studio Solution File, Format Version 12.00
# Visual Studio Version 17
VisualStudioVersion = 17.5.33424.131
MinimumVisualStudioVersion = 10.0.40219.1
Project("{FAE04EC0-301F-11D3-BF4B-00C04F79EFBC}") = "SAS", "SAS\SAS.csproj", "{C9156D9A-82C7-406C-8373-70AA47B960C0}"
EndProject
Global
	GlobalSection(SolutionConfigurationPlatforms) = preSolution
		Debug|Any CPU = Debug|Any CPU
		Release|Any CPU = Release|Any CPU
	EndGlobalSection
	GlobalSection(ProjectConfigurationPlatforms) = postSolution
		{C9156D9A-82C7-406C-8373-70AA47B960C0}.Debug|Any CPU.ActiveCfg = Debug|Any CPU
		{C9156D9A-82C7-406C-8373-70AA47B960C0}.Debug|Any CPU.Build.0 = Debug|Any CPU
		{C9156D9A-82C7-406C-8373-70AA47B960C0}.Release|Any CPU.ActiveCfg = Release|Any CPU
		{C9156D9A-82C7-406C-8373-70AA47B960C0}.Release|Any CPU.Build.0 = Release|Any CPU
	EndGlobalSection
	GlobalSection(SolutionProperties) = preSolution
		HideSolutionNode = FALSE
	EndGlobalSection
	GlobalSection(ExtensibilityGlobals) = postSolution
		SolutionGuid = {AFEDE421-045C-4252-86AD-D72F5822FB8D}
	EndGlobalSection
EndGlobal
